
Microsoft Visual Studio Solution File, Format Version 12.00
# Visual Studio 15
VisualStudioVersion = 15.0.27703.2018
MinimumVisualStudioVersion = 10.0.40219.1
Project("{FAE04EC0-301F-11D3-BF4B-00C04F79EFBC}") = "EasyTouchServer", "EasyTouchServer\EasyTouchServer.csproj", "{86148F13-BF1E-4C07-84BB-84D59E855681}"
EndProject
Global
	GlobalSection(SolutionConfigurationPlatforms) = preSolution
		Debug|Any CPU = Debug|Any CPU
		Release|Any CPU = Release|Any CPU
	EndGlobalSection
	GlobalSection(ProjectConfigurationPlatforms) = postSolution
		{86148F13-BF1E-4C07-84BB-84D59E855681}.Debug|Any CPU.ActiveCfg = Debug|Any CPU
		{86148F13-BF1E-4C07-84BB-84D59E855681}.Debug|Any CPU.Build.0 = Debug|Any CPU
		{86148F13-BF1E-4C07-84BB-84D59E855681}.Release|Any CPU.ActiveCfg = Release|Any CPU
		{86148F13-BF1E-4C07-84BB-84D59E855681}.Release|Any CPU.Build.0 = Release|Any CPU
	EndGlobalSection
	GlobalSection(SolutionProperties) = preSolution
		HideSolutionNode = FALSE
	EndGlobalSection
	GlobalSection(ExtensibilityGlobals) = postSolution
		SolutionGuid = {22819945-701A-41F7-AE2D-F1B7E7083368}
	EndGlobalSection
EndGlobal
